<?xml version="1.0" encoding="utf-8"?>
<Project ToolsVersion="4.0" xmlns="http://schemas.microsoft.com/developer/msbuild/2003">
  <ItemGroup>
    <Filter Include="Исходные файлы">
      <UniqueIdentifier>{4FC737F1-C7A5-4376-A066-2A32D752A2FF}</UniqueIdentifier>
      <Extensions>cpp;c;cc;cxx;c++;cppm;ixx;def;odl;idl;hpj;bat;asm;asmx</Extensions>
    </Filter>
    <Filter Include="Файлы заголовков">
      <UniqueIdentifier>{93995380-89BD-4b04-88EB-625FBE52EBFB}</UniqueIdentifier>
      <Extensions>h;hh;hpp;hxx;h++;hm;inl;inc;ipp;xsd</Extensions>
    </Filter>
    <Filter Include="Файлы ресурсов">
      <UniqueIdentifier>{67DA6AB6-F800-4c08-8B7A-83BB121AAD01}</UniqueIdentifier>
      <Extensions>rc;ico;cur;bmp;dlg;rc2;rct;bin;rgs;gif;jpg;jpeg;jpe;resx;tiff;tif;png;wav;mfcribbon-ms</Extensions>
    </Filter>
    <Filter Include="WindowManager">
      <UniqueIdentifier>{c46e802d-27e3-4b59-8784-6b6127ba3ba1}</UniqueIdentifier>
    </Filter>
    <Filter Include="PhysicalDeviceManager">
      <UniqueIdentifier>{20fda507-f61b-4408-ab1a-c87a39dd22e4}</UniqueIdentifier>
    </Filter>
    <Filter Include="SwapChainManager">
      <UniqueIdentifier>{88c57b64-66b5-4640-9f98-05b304597533}</UniqueIdentifier>
    </Filter>
    <Filter Include="LogicalDeviceManager">
      <UniqueIdentifier>{7f605bcc-390c-4a5a-8ec4-14a41f83993a}</UniqueIdentifier>
    </Filter>
    <Filter Include="FileManager">
      <UniqueIdentifier>{338f58d3-4d70-4348-a308-c75eddc9a43d}</UniqueIdentifier>
    </Filter>
    <Filter Include="ShaderManager">
      <UniqueIdentifier>{b9c4b0a0-1719-4fd8-96a1-4538cb7aa44d}</UniqueIdentifier>
    </Filter>
    <Filter Include="PipelineManager">
      <UniqueIdentifier>{083de579-1455-4cf6-8413-24795ef284ce}</UniqueIdentifier>
    </Filter>
    <Filter Include="RenderPassManager">
      <UniqueIdentifier>{5690d22d-9a62-4f89-a4a9-3291269b3e17}</UniqueIdentifier>
    </Filter>
    <Filter Include="CommandManager">
      <UniqueIdentifier>{c03e55df-9b6f-4a8f-947a-8f3e25285b75}</UniqueIdentifier>
    </Filter>
  </ItemGroup>
  <ItemGroup>
    <ClInclude Include="SGR.h">
      <Filter>Файлы заголовков</Filter>
    </ClInclude>
    <ClInclude Include="WindowManager.h">
      <Filter>WindowManager</Filter>
    </ClInclude>
    <ClInclude Include="PhysicalDeviceManager.h">
      <Filter>PhysicalDeviceManager</Filter>
    </ClInclude>
    <ClInclude Include="utils.h">
      <Filter>Файлы заголовков</Filter>
    </ClInclude>
    <ClInclude Include="SwapChainManager.h">
      <Filter>SwapChainManager</Filter>
    </ClInclude>
    <ClInclude Include="LogicalDeviceManager.h">
      <Filter>LogicalDeviceManager</Filter>
    </ClInclude>
    <ClInclude Include="FileManager.h">
      <Filter>FileManager</Filter>
    </ClInclude>
    <ClInclude Include="ShaderManager.h">
      <Filter>ShaderManager</Filter>
    </ClInclude>
    <ClInclude Include="PipelineManager.h">
      <Filter>PipelineManager</Filter>
    </ClInclude>
    <ClInclude Include="RenderPassManager.h">
      <Filter>RenderPassManager</Filter>
    </ClInclude>
    <ClInclude Include="CommandManager.h">
      <Filter>CommandManager</Filter>
    </ClInclude>
  </ItemGroup>
  <ItemGroup>
    <ClCompile Include="main.cpp">
      <Filter>Исходные файлы</Filter>
    </ClCompile>
    <ClCompile Include="WindowManager.cpp">
      <Filter>WindowManager</Filter>
    </ClCompile>
    <ClCompile Include="SGR.cpp">
      <Filter>Исходные файлы</Filter>
    </ClCompile>
    <ClCompile Include="PhysicalDeviceManager.cpp">
      <Filter>PhysicalDeviceManager</Filter>
    </ClCompile>
    <ClCompile Include="SwapChainManager.cpp">
      <Filter>SwapChainManager</Filter>
    </ClCompile>
    <ClCompile Include="LogicalDeviceManager.cpp">
      <Filter>LogicalDeviceManager</Filter>
    </ClCompile>
    <ClCompile Include="FileManager.cpp">
      <Filter>FileManager</Filter>
    </ClCompile>
    <ClCompile Include="ShaderManager.cpp">
      <Filter>ShaderManager</Filter>
    </ClCompile>
    <ClCompile Include="PipelineManager.cpp">
      <Filter>PipelineManager</Filter>
    </ClCompile>
    <ClCompile Include="RenderPassManager.cpp">
      <Filter>RenderPassManager</Filter>
    </ClCompile>
    <ClCompile Include="CommandManager.cpp">
      <Filter>CommandManager</Filter>
    </ClCompile>
  </ItemGroup>
</Project>